
Microsoft Visual Studio Solution File, Format Version 12.00
# Visual Studio 15
VisualStudioVersion = 15.0.27428.2037
MinimumVisualStudioVersion = 10.0.40219.1
Project("{FAE04EC0-301F-11D3-BF4B-00C04F79EFBC}") = "DevelopmentCase", "DevelopmentCase\DevelopmentCase.csproj", "{B99B12EC-0BC3-4D6F-8D1A-47F8D5B7BFC1}"
EndProject
Global
	GlobalSection(SolutionConfigurationPlatforms) = preSolution
		Debug|Any CPU = Debug|Any CPU
		Release|Any CPU = Release|Any CPU
	EndGlobalSection
	GlobalSection(ProjectConfigurationPlatforms) = postSolution
		{B99B12EC-0BC3-4D6F-8D1A-47F8D5B7BFC1}.Debug|Any CPU.ActiveCfg = Debug|Any CPU
		{B99B12EC-0BC3-4D6F-8D1A-47F8D5B7BFC1}.Debug|Any CPU.Build.0 = Debug|Any CPU
		{B99B12EC-0BC3-4D6F-8D1A-47F8D5B7BFC1}.Release|Any CPU.ActiveCfg = Release|Any CPU
		{B99B12EC-0BC3-4D6F-8D1A-47F8D5B7BFC1}.Release|Any CPU.Build.0 = Release|Any CPU
	EndGlobalSection
	GlobalSection(SolutionProperties) = preSolution
		HideSolutionNode = FALSE
	EndGlobalSection
	GlobalSection(ExtensibilityGlobals) = postSolution
		SolutionGuid = {7B7072FB-CB8A-4C0F-A6F7-3F84B0FF9D18}
	EndGlobalSection
EndGlobal
